// !$*UTF8*$!
{
	archiveVersion = 1;
	classes = {
	};
	objectVersion = 46;
	objects = {

/* Begin PBXBuildFile section */
		2CEBA1271C80394F00BEA0D5 /* main.m in Sources */ = {isa = PBXBuildFile; fileRef = 2CEBA1261C80394F00BEA0D5 /* main.m */; };
		2CEBA12A1C80394F00BEA0D5 /* AppDelegate.m in Sources */ = {isa = PBXBuildFile; fileRef = 2CEBA1291C80394F00BEA0D5 /* AppDelegate.m */; };
		2CEBA12D1C80394F00BEA0D5 /* ViewController.m in Sources */ = {isa = PBXBuildFile; fileRef = 2CEBA12C1C80394F00BEA0D5 /* ViewController.m */; };
		2CEBA1301C80394F00BEA0D5 /* Main.storyboard in Resources */ = {isa = PBXBuildFile; fileRef = 2CEBA12E1C80394F00BEA0D5 /* Main.storyboard */; };
		2CEBA1321C80394F00BEA0D5 /* Assets.xcassets in Resources */ = {isa = PBXBuildFile; fileRef = 2CEBA1311C80394F00BEA0D5 /* Assets.xcassets */; };
		2CEBA1351C80394F00BEA0D5 /* LaunchScreen.storyboard in Resources */ = {isa = PBXBuildFile; fileRef = 2CEBA1331C80394F00BEA0D5 /* LaunchScreen.storyboard */; };
		2CEBA1401C80394F00BEA0D5 /* ForgetMeNotTests.m in Sources */ = {isa = PBXBuildFile; fileRef = 2CEBA13F1C80394F00BEA0D5 /* ForgetMeNotTests.m */; };
		2CEBA14B1C80394F00BEA0D5 /* ForgetMeNotUITests.m in Sources */ = {isa = PBXBuildFile; fileRef = 2CEBA14A1C80394F00BEA0D5 /* ForgetMeNotUITests.m */; };
		2CEBA15B1C8039B000BEA0D5 /* FMNDataModel.xcdatamodeld in Sources */ = {isa = PBXBuildFile; fileRef = 2CEBA1591C8039B000BEA0D5 /* FMNDataModel.xcdatamodeld */; };
/* End PBXBuildFile section */

/* Begin PBXContainerItemProxy section */
		2CEBA13C1C80394F00BEA0D5 /* PBXContainerItemProxy */ = {
			isa = PBXContainerItemProxy;
			containerPortal = 2CEBA11A1C80394F00BEA0D5 /* Project object */;
			proxyType = 1;
			remoteGlobalIDString = 2CEBA1211C80394F00BEA0D5;
			remoteInfo = ForgetMeNot;
		};
		2CEBA1471C80394F00BEA0D5 /* PBXContainerItemProxy */ = {
			isa = PBXContainerItemProxy;
			containerPortal = 2CEBA11A1C80394F00BEA0D5 /* Project object */;
			proxyType = 1;
			remoteGlobalIDString = 2CEBA1211C80394F00BEA0D5;
			remoteInfo = ForgetMeNot;
		};
/* End PBXContainerItemProxy section */

/* Begin PBXFileReference section */
		2CEBA1221C80394F00BEA0D5 /* ForgetMeNot.app */ = {isa = PBXFileReference; explicitFileType = wrapper.application; includeInIndex = 0; path = ForgetMeNot.app; sourceTree = BUILT_PRODUCTS_DIR; };
		2CEBA1261C80394F00BEA0D5 /* main.m */ = {isa = PBXFileReference; lastKnownFileType = sourcecode.c.objc; path = main.m; sourceTree = "<group>"; };
		2CEBA1281C80394F00BEA0D5 /* AppDelegate.h */ = {isa = PBXFileReference; lastKnownFileType = sourcecode.c.h; path = AppDelegate.h; sourceTree = "<group>"; };
		2CEBA1291C80394F00BEA0D5 /* AppDelegate.m */ = {isa = PBXFileReference; lastKnownFileType = sourcecode.c.objc; path = AppDelegate.m; sourceTree = "<group>"; };
		2CEBA12B1C80394F00BEA0D5 /* ViewController.h */ = {isa = PBXFileReference; lastKnownFileType = sourcecode.c.h; path = ViewController.h; sourceTree = "<group>"; };
		2CEBA12C1C80394F00BEA0D5 /* ViewController.m */ = {isa = PBXFileReference; lastKnownFileType = sourcecode.c.objc; path = ViewController.m; sourceTree = "<group>"; };
		2CEBA12F1C80394F00BEA0D5 /* Base */ = {isa = PBXFileReference; lastKnownFileType = file.storyboard; name = Base; path = Base.lproj/Main.storyboard; sourceTree = "<group>"; };
		2CEBA1311C80394F00BEA0D5 /* Assets.xcassets */ = {isa = PBXFileReference; lastKnownFileType = folder.assetcatalog; path = Assets.xcassets; sourceTree = "<group>"; };
		2CEBA1341C80394F00BEA0D5 /* Base */ = {isa = PBXFileReference; lastKnownFileType = file.storyboard; name = Base; path = Base.lproj/LaunchScreen.storyboard; sourceTree = "<group>"; };
		2CEBA1361C80394F00BEA0D5 /* Info.plist */ = {isa = PBXFileReference; lastKnownFileType = text.plist.xml; path = Info.plist; sourceTree = "<group>"; };
		2CEBA13B1C80394F00BEA0D5 /* ForgetMeNotTests.xctest */ = {isa = PBXFileReference; explicitFileType = wrapper.cfbundle; includeInIndex = 0; path = ForgetMeNotTests.xctest; sourceTree = BUILT_PRODUCTS_DIR; };
		2CEBA13F1C80394F00BEA0D5 /* ForgetMeNotTests.m */ = {isa = PBXFileReference; lastKnownFileType = sourcecode.c.objc; path = ForgetMeNotTests.m; sourceTree = "<group>"; };
		2CEBA1411C80394F00BEA0D5 /* Info.plist */ = {isa = PBXFileReference; lastKnownFileType = text.plist.xml; path = Info.plist; sourceTree = "<group>"; };
		2CEBA1461C80394F00BEA0D5 /* ForgetMeNotUITests.xctest */ = {isa = PBXFileReference; explicitFileType = wrapper.cfbundle; includeInIndex = 0; path = ForgetMeNotUITests.xctest; sourceTree = BUILT_PRODUCTS_DIR; };
		2CEBA14A1C80394F00BEA0D5 /* ForgetMeNotUITests.m */ = {isa = PBXFileReference; lastKnownFileType = sourcecode.c.objc; path = ForgetMeNotUITests.m; sourceTree = "<group>"; };
		2CEBA14C1C80394F00BEA0D5 /* Info.plist */ = {isa = PBXFileReference; lastKnownFileType = text.plist.xml; path = Info.plist; sourceTree = "<group>"; };
		2CEBA15A1C8039B000BEA0D5 /* FMNDataModel.xcdatamodel */ = {isa = PBXFileReference; lastKnownFileType = wrapper.xcdatamodel; path = FMNDataModel.xcdatamodel; sourceTree = "<group>"; };
/* End PBXFileReference section */

/* Begin PBXFrameworksBuildPhase section */
		2CEBA11F1C80394F00BEA0D5 /* Frameworks */ = {
			isa = PBXFrameworksBuildPhase;
			buildActionMask = 2147483647;
			files = (
			);
			runOnlyForDeploymentPostprocessing = 0;
		};
		2CEBA1381C80394F00BEA0D5 /* Frameworks */ = {
			isa = PBXFrameworksBuildPhase;
			buildActionMask = 2147483647;
			files = (
			);
			runOnlyForDeploymentPostprocessing = 0;
		};
		2CEBA1431C80394F00BEA0D5 /* Frameworks */ = {
			isa = PBXFrameworksBuildPhase;
			buildActionMask = 2147483647;
			files = (
			);
			runOnlyForDeploymentPostprocessing = 0;
		};
/* End PBXFrameworksBuildPhase section */

/* Begin PBXGroup section */
		2CEBA1191C80394F00BEA0D5 = {
			isa = PBXGroup;
			children = (
				2CEBA1241C80394F00BEA0D5 /* ForgetMeNot */,
				2CEBA13E1C80394F00BEA0D5 /* ForgetMeNotTests */,
				2CEBA1491C80394F00BEA0D5 /* ForgetMeNotUITests */,
				2CEBA1231C80394F00BEA0D5 /* Products */,
			);
			sourceTree = "<group>";
		};
		2CEBA1231C80394F00BEA0D5 /* Products */ = {
			isa = PBXGroup;
			children = (
				2CEBA1221C80394F00BEA0D5 /* ForgetMeNot.app */,
				2CEBA13B1C80394F00BEA0D5 /* ForgetMeNotTests.xctest */,
				2CEBA1461C80394F00BEA0D5 /* ForgetMeNotUITests.xctest */,
			);
			name = Products;
			sourceTree = "<group>";
		};
		2CEBA1241C80394F00BEA0D5 /* ForgetMeNot */ = {
			isa = PBXGroup;
			children = (
				2CEBA1581C80398900BEA0D5 /* Models */,
				2CEBA1281C80394F00BEA0D5 /* AppDelegate.h */,
				2CEBA1291C80394F00BEA0D5 /* AppDelegate.m */,
				2CEBA12B1C80394F00BEA0D5 /* ViewController.h */,
				2CEBA12C1C80394F00BEA0D5 /* ViewController.m */,
				2CEBA12E1C80394F00BEA0D5 /* Main.storyboard */,
				2CEBA1311C80394F00BEA0D5 /* Assets.xcassets */,
				2CEBA1331C80394F00BEA0D5 /* LaunchScreen.storyboard */,
				2CEBA1361C80394F00BEA0D5 /* Info.plist */,
				2CEBA1251C80394F00BEA0D5 /* Supporting Files */,
			);
			path = ForgetMeNot;
			sourceTree = "<group>";
		};
		2CEBA1251C80394F00BEA0D5 /* Supporting Files */ = {
			isa = PBXGroup;
			children = (
				2CEBA1261C80394F00BEA0D5 /* main.m */,
			);
			name = "Supporting Files";
			sourceTree = "<group>";
		};
		2CEBA13E1C80394F00BEA0D5 /* ForgetMeNotTests */ = {
			isa = PBXGroup;
			children = (
				2CEBA13F1C80394F00BEA0D5 /* ForgetMeNotTests.m */,
				2CEBA1411C80394F00BEA0D5 /* Info.plist */,
			);
			path = ForgetMeNotTests;
			sourceTree = "<group>";
		};
		2CEBA1491C80394F00BEA0D5 /* ForgetMeNotUITests */ = {
			isa = PBXGroup;
			children = (
				2CEBA14A1C80394F00BEA0D5 /* ForgetMeNotUITests.m */,
				2CEBA14C1C80394F00BEA0D5 /* Info.plist */,
			);
			path = ForgetMeNotUITests;
			sourceTree = "<group>";
		};
		2CEBA1581C80398900BEA0D5 /* Models */ = {
			isa = PBXGroup;
			children = (
				2CEBA1591C8039B000BEA0D5 /* FMNDataModel.xcdatamodeld */,
			);
			name = Models;
			sourceTree = "<group>";
		};
/* End PBXGroup section */

/* Begin PBXNativeTarget section */
		2CEBA1211C80394F00BEA0D5 /* ForgetMeNot */ = {
			isa = PBXNativeTarget;
			buildConfigurationList = 2CEBA14F1C80394F00BEA0D5 /* Build configuration list for PBXNativeTarget "ForgetMeNot" */;
			buildPhases = (
				2CEBA11E1C80394F00BEA0D5 /* Sources */,
				2CEBA11F1C80394F00BEA0D5 /* Frameworks */,
				2CEBA1201C80394F00BEA0D5 /* Resources */,
			);
			buildRules = (
			);
			dependencies = (
			);
			name = ForgetMeNot;
			productName = ForgetMeNot;
			productReference = 2CEBA1221C80394F00BEA0D5 /* ForgetMeNot.app */;
			productType = "com.apple.product-type.application";
		};
		2CEBA13A1C80394F00BEA0D5 /* ForgetMeNotTests */ = {
			isa = PBXNativeTarget;
			buildConfigurationList = 2CEBA1521C80394F00BEA0D5 /* Build configuration list for PBXNativeTarget "ForgetMeNotTests" */;
			buildPhases = (
				2CEBA1371C80394F00BEA0D5 /* Sources */,
				2CEBA1381C80394F00BEA0D5 /* Frameworks */,
				2CEBA1391C80394F00BEA0D5 /* Resources */,
			);
			buildRules = (
			);
			dependencies = (
				2CEBA13D1C80394F00BEA0D5 /* PBXTargetDependency */,
			);
			name = ForgetMeNotTests;
			productName = ForgetMeNotTests;
			productReference = 2CEBA13B1C80394F00BEA0D5 /* ForgetMeNotTests.xctest */;
			productType = "com.apple.product-type.bundle.unit-test";
		};
		2CEBA1451C80394F00BEA0D5 /* ForgetMeNotUITests */ = {
			isa = PBXNativeTarget;
			buildConfigurationList = 2CEBA1551C80394F00BEA0D5 /* Build configuration list for PBXNativeTarget "ForgetMeNotUITests" */;
			buildPhases = (
				2CEBA1421C80394F00BEA0D5 /* Sources */,
				2CEBA1431C80394F00BEA0D5 /* Frameworks */,
				2CEBA1441C80394F00BEA0D5 /* Resources */,
			);
			buildRules = (
			);
			dependencies = (
				2CEBA1481C80394F00BEA0D5 /* PBXTargetDependency */,
			);
			name = ForgetMeNotUITests;
			productName = ForgetMeNotUITests;
			productReference = 2CEBA1461C80394F00BEA0D5 /* ForgetMeNotUITests.xctest */;
			productType = "com.apple.product-type.bundle.ui-testing";
		};
/* End PBXNativeTarget section */

/* Begin PBXProject section */
		2CEBA11A1C80394F00BEA0D5 /* Project object */ = {
			isa = PBXProject;
			attributes = {
				LastUpgradeCheck = 0720;
				ORGANIZATIONNAME = "Marcus Grant";
				TargetAttributes = {
					2CEBA1211C80394F00BEA0D5 = {
						CreatedOnToolsVersion = 7.2.1;
					};
					2CEBA13A1C80394F00BEA0D5 = {
						CreatedOnToolsVersion = 7.2.1;
						TestTargetID = 2CEBA1211C80394F00BEA0D5;
					};
					2CEBA1451C80394F00BEA0D5 = {
						CreatedOnToolsVersion = 7.2.1;
						TestTargetID = 2CEBA1211C80394F00BEA0D5;
					};
				};
			};
			buildConfigurationList = 2CEBA11D1C80394F00BEA0D5 /* Build configuration list for PBXProject "ForgetMeNot" */;
			compatibilityVersion = "Xcode 3.2";
			developmentRegion = English;
			hasScannedForEncodings = 0;
			knownRegions = (
				en,
				Base,
			);
			mainGroup = 2CEBA1191C80394F00BEA0D5;
			productRefGroup = 2CEBA1231C80394F00BEA0D5 /* Products */;
			projectDirPath = "";
			projectRoot = "";
			targets = (
				2CEBA1211C80394F00BEA0D5 /* ForgetMeNot */,
				2CEBA13A1C80394F00BEA0D5 /* ForgetMeNotTests */,
				2CEBA1451C80394F00BEA0D5 /* ForgetMeNotUITests */,
			);
		};
/* End PBXProject section */

/* Begin PBXResourcesBuildPhase section */
		2CEBA1201C80394F00BEA0D5 /* Resources */ = {
			isa = PBXResourcesBuildPhase;
			buildActionMask = 2147483647;
			files = (
				2CEBA1351C80394F00BEA0D5 /* LaunchScreen.storyboard in Resources */,
				2CEBA1321C80394F00BEA0D5 /* Assets.xcassets in Resources */,
				2CEBA1301C80394F00BEA0D5 /* Main.storyboard in Resources */,
			);
			runOnlyForDeploymentPostprocessing = 0;
		};
		2CEBA1391C80394F00BEA0D5 /* Resources */ = {
			isa = PBXResourcesBuildPhase;
			buildActionMask = 2147483647;
			files = (
			);
			runOnlyForDeploymentPostprocessing = 0;
		};
		2CEBA1441C80394F00BEA0D5 /* Resources */ = {
			isa = PBXResourcesBuildPhase;
			buildActionMask = 2147483647;
			files = (
			);
			runOnlyForDeploymentPostprocessing = 0;
		};
/* End PBXResourcesBuildPhase section */

/* Begin PBXSourcesBuildPhase section */
		2CEBA11E1C80394F00BEA0D5 /* Sources */ = {
			isa = PBXSourcesBuildPhase;
			buildActionMask = 2147483647;
			files = (
				2CEBA12D1C80394F00BEA0D5 /* ViewController.m in Sources */,
				2CEBA15B1C8039B000BEA0D5 /* FMNDataModel.xcdatamodeld in Sources */,
				2CEBA12A1C80394F00BEA0D5 /* AppDelegate.m in Sources */,
				2CEBA1271C80394F00BEA0D5 /* main.m in Sources */,
			);
			runOnlyForDeploymentPostprocessing = 0;
		};
		2CEBA1371C80394F00BEA0D5 /* Sources */ = {
			isa = PBXSourcesBuildPhase;
			buildActionMask = 2147483647;
			files = (
				2CEBA1401C80394F00BEA0D5 /* ForgetMeNotTests.m in Sources */,
			);
			runOnlyForDeploymentPostprocessing = 0;
		};
		2CEBA1421C80394F00BEA0D5 /* Sources */ = {
			isa = PBXSourcesBuildPhase;
			buildActionMask = 2147483647;
			files = (
				2CEBA14B1C80394F00BEA0D5 /* ForgetMeNotUITests.m in Sources */,
			);
			runOnlyForDeploymentPostprocessing = 0;
		};
/* End PBXSourcesBuildPhase section */

/* Begin PBXTargetDependency section */
		2CEBA13D1C80394F00BEA0D5 /* PBXTargetDependency */ = {
			isa = PBXTargetDependency;
			target = 2CEBA1211C80394F00BEA0D5 /* ForgetMeNot */;
			targetProxy = 2CEBA13C1C80394F00BEA0D5 /* PBXContainerItemProxy */;
		};
		2CEBA1481C80394F00BEA0D5 /* PBXTargetDependency */ = {
			isa = PBXTargetDependency;
			target = 2CEBA1211C80394F00BEA0D5 /* ForgetMeNot */;
			targetProxy = 2CEBA1471C80394F00BEA0D5 /* PBXContainerItemProxy */;
		};
/* End PBXTargetDependency section */

/* Begin PBXVariantGroup section */
		2CEBA12E1C80394F00BEA0D5 /* Main.storyboard */ = {
			isa = PBXVariantGroup;
			children = (
				2CEBA12F1C80394F00BEA0D5 /* Base */,
			);
			name = Main.storyboard;
			sourceTree = "<group>";
		};
		2CEBA1331C80394F00BEA0D5 /* LaunchScreen.storyboard */ = {
			isa = PBXVariantGroup;
			children = (
				2CEBA1341C80394F00BEA0D5 /* Base */,
			);
			name = LaunchScreen.storyboard;
			sourceTree = "<group>";
		};
/* End PBXVariantGroup section */

/* Begin XCBuildConfiguration section */
		2CEBA14D1C80394F00BEA0D5 /* Debug */ = {
			isa = XCBuildConfiguration;
			buildSettings = {
				ALWAYS_SEARCH_USER_PATHS = NO;
				CLANG_CXX_LANGUAGE_STANDARD = "gnu++0x";
				CLANG_CXX_LIBRARY = "libc++";
				CLANG_ENABLE_MODULES = YES;
				CLANG_ENABLE_OBJC_ARC = YES;
				CLANG_WARN_BOOL_CONVERSION = YES;
				CLANG_WARN_CONSTANT_CONVERSION = YES;
				CLANG_WARN_DIRECT_OBJC_ISA_USAGE = YES_ERROR;
				CLANG_WARN_EMPTY_BODY = YES;
				CLANG_WARN_ENUM_CONVERSION = YES;
				CLANG_WARN_INT_CONVERSION = YES;
				CLANG_WARN_OBJC_ROOT_CLASS = YES_ERROR;
				CLANG_WARN_UNREACHABLE_CODE = YES;
				CLANG_WARN__DUPLICATE_METHOD_MATCH = YES;
				"CODE_SIGN_IDENTITY[sdk=iphoneos*]" = "iPhone Developer";
				COPY_PHASE_STRIP = NO;
				DEBUG_INFORMATION_FORMAT = dwarf;
				ENABLE_STRICT_OBJC_MSGSEND = YES;
				ENABLE_TESTABILITY = YES;
				GCC_C_LANGUAGE_STANDARD = gnu99;
				GCC_DYNAMIC_NO_PIC = NO;
				GCC_NO_COMMON_BLOCKS = YES;
				GCC_OPTIMIZATION_LEVEL = 0;
				GCC_PREPROCESSOR_DEFINITIONS = (
					"DEBUG=1",
					"$(inherited)",
				);
				GCC_WARN_64_TO_32_BIT_CONVERSION = YES;
				GCC_WARN_ABOUT_RETURN_TYPE = YES_ERROR;
				GCC_WARN_UNDECLARED_SELECTOR = YES;
				GCC_WARN_UNINITIALIZED_AUTOS = YES_AGGRESSIVE;
				GCC_WARN_UNUSED_FUNCTION = YES;
				GCC_WARN_UNUSED_VARIABLE = YES;
				IPHONEOS_DEPLOYMENT_TARGET = 9.2;
				MTL_ENABLE_DEBUG_INFO = YES;
				ONLY_ACTIVE_ARCH = YES;
				SDKROOT = iphoneos;
			};
			name = Debug;
		};
		2CEBA14E1C80394F00BEA0D5 /* Release */ = {
			isa = XCBuildConfiguration;
			buildSettings = {
				ALWAYS_SEARCH_USER_PATHS = NO;
				CLANG_CXX_LANGUAGE_STANDARD = "gnu++0x";
				CLANG_CXX_LIBRARY = "libc++";
				CLANG_ENABLE_MODULES = YES;
				CLANG_ENABLE_OBJC_ARC = YES;
				CLANG_WARN_BOOL_CONVERSION = YES;
				CLANG_WARN_CONSTANT_CONVERSION = YES;
				CLANG_WARN_DIRECT_OBJC_ISA_USAGE = YES_ERROR;
				CLANG_WARN_EMPTY_BODY = YES;
				CLANG_WARN_ENUM_CONVERSION = YES;
				CLANG_WARN_INT_CONVERSION = YES;
				CLANG_WARN_OBJC_ROOT_CLASS = YES_ERROR;
				CLANG_WARN_UNREACHABLE_CODE = YES;
				CLANG_WARN__DUPLICATE_METHOD_MATCH = YES;
				"CODE_SIGN_IDENTITY[sdk=iphoneos*]" = "iPhone Developer";
				COPY_PHASE_STRIP = NO;
				DEBUG_INFORMATION_FORMAT = "dwarf-with-dsym";
				ENABLE_NS_ASSERTIONS = NO;
				ENABLE_STRICT_OBJC_MSGSEND = YES;
				GCC_C_LANGUAGE_STANDARD = gnu99;
				GCC_NO_COMMON_BLOCKS = YES;
				GCC_WARN_64_TO_32_BIT_CONVERSION = YES;
				GCC_WARN_ABOUT_RETURN_TYPE = YES_ERROR;
				GCC_WARN_UNDECLARED_SELECTOR = YES;
				GCC_WARN_UNINITIALIZED_AUTOS = YES_AGGRESSIVE;
				GCC_WARN_UNUSED_FUNCTION = YES;
				GCC_WARN_UNUSED_VARIABLE = YES;
				IPHONEOS_DEPLOYMENT_TARGET = 9.2;
				MTL_ENABLE_DEBUG_INFO = NO;
				SDKROOT = iphoneos;
				VALIDATE_PRODUCT = YES;
			};
			name = Release;
		};
		2CEBA1501C80394F00BEA0D5 /* Debug */ = {
			isa = XCBuildConfiguration;
			buildSettings = {
				ASSETCATALOG_COMPILER_APPICON_NAME = AppIcon;
				INFOPLIST_FILE = ForgetMeNot/Info.plist;
				LD_RUNPATH_SEARCH_PATHS = "$(inherited) @executable_path/Frameworks";
				PRODUCT_BUNDLE_IDENTIFIER = marcus.grant.ForgetMeNot;
				PRODUCT_NAME = "$(TARGET_NAME)";
			};
			name = Debug;
		};
		2CEBA1511C80394F00BEA0D5 /* Release */ = {
			isa = XCBuildConfiguration;
			buildSettings = {
				ASSETCATALOG_COMPILER_APPICON_NAME = AppIcon;
				INFOPLIST_FILE = ForgetMeNot/Info.plist;
				LD_RUNPATH_SEARCH_PATHS = "$(inherited) @executable_path/Frameworks";
				PRODUCT_BUNDLE_IDENTIFIER = marcus.grant.ForgetMeNot;
				PRODUCT_NAME = "$(TARGET_NAME)";
			};
			name = Release;
		};
		2CEBA1531C80394F00BEA0D5 /* Debug */ = {
			isa = XCBuildConfiguration;
			buildSettings = {
				BUNDLE_LOADER = "$(TEST_HOST)";
				INFOPLIST_FILE = ForgetMeNotTests/Info.plist;
				LD_RUNPATH_SEARCH_PATHS = "$(inherited) @executable_path/Frameworks @loader_path/Frameworks";
				PRODUCT_BUNDLE_IDENTIFIER = marcus.grant.ForgetMeNotTests;
				PRODUCT_NAME = "$(TARGET_NAME)";
				TEST_HOST = "$(BUILT_PRODUCTS_DIR)/ForgetMeNot.app/ForgetMeNot";
			};
			name = Debug;
		};
		2CEBA1541C80394F00BEA0D5 /* Release */ = {
			isa = XCBuildConfiguration;
			buildSettings = {
				BUNDLE_LOADER = "$(TEST_HOST)";
				INFOPLIST_FILE = ForgetMeNotTests/Info.plist;
				LD_RUNPATH_SEARCH_PATHS = "$(inherited) @executable_path/Frameworks @loader_path/Frameworks";
				PRODUCT_BUNDLE_IDENTIFIER = marcus.grant.ForgetMeNotTests;
				PRODUCT_NAME = "$(TARGET_NAME)";
				TEST_HOST = "$(BUILT_PRODUCTS_DIR)/ForgetMeNot.app/ForgetMeNot";
			};
			name = Release;
		};
		2CEBA1561C80394F00BEA0D5 /* Debug */ = {
			isa = XCBuildConfiguration;
			buildSettings = {
				INFOPLIST_FILE = ForgetMeNotUITests/Info.plist;
				LD_RUNPATH_SEARCH_PATHS = "$(inherited) @executable_path/Frameworks @loader_path/Frameworks";
				PRODUCT_BUNDLE_IDENTIFIER = marcus.grant.ForgetMeNotUITests;
				PRODUCT_NAME = "$(TARGET_NAME)";
				TEST_TARGET_NAME = ForgetMeNot;
				USES_XCTRUNNER = YES;
			};
			name = Debug;
		};
		2CEBA1571C80394F00BEA0D5 /* Release */ = {
			isa = XCBuildConfiguration;
			buildSettings = {
				INFOPLIST_FILE = ForgetMeNotUITests/Info.plist;
				LD_RUNPATH_SEARCH_PATHS = "$(inherited) @executable_path/Frameworks @loader_path/Frameworks";
				PRODUCT_BUNDLE_IDENTIFIER = marcus.grant.ForgetMeNotUITests;
				PRODUCT_NAME = "$(TARGET_NAME)";
				TEST_TARGET_NAME = ForgetMeNot;
				USES_XCTRUNNER = YES;
			};
			name = Release;
		};
/* End XCBuildConfiguration section */

/* Begin XCConfigurationList section */
		2CEBA11D1C80394F00BEA0D5 /* Build configuration list for PBXProject "ForgetMeNot" */ = {
			isa = XCConfigurationList;
			buildConfigurations = (
				2CEBA14D1C80394F00BEA0D5 /* Debug */,
				2CEBA14E1C80394F00BEA0D5 /* Release */,
			);
			defaultConfigurationIsVisible = 0;
			defaultConfigurationName = Release;
		};
		2CEBA14F1C80394F00BEA0D5 /* Build configuration list for PBXNativeTarget "ForgetMeNot" */ = {
			isa = XCConfigurationList;
			buildConfigurations = (
				2CEBA1501C80394F00BEA0D5 /* Debug */,
				2CEBA1511C80394F00BEA0D5 /* Release */,
			);
			defaultConfigurationIsVisible = 0;
		};
		2CEBA1521C80394F00BEA0D5 /* Build configuration list for PBXNativeTarget "ForgetMeNotTests" */ = {
			isa = XCConfigurationList;
			buildConfigurations = (
				2CEBA1531C80394F00BEA0D5 /* Debug */,
				2CEBA1541C80394F00BEA0D5 /* Release */,
			);
			defaultConfigurationIsVisible = 0;
		};
		2CEBA1551C80394F00BEA0D5 /* Build configuration list for PBXNativeTarget "ForgetMeNotUITests" */ = {
			isa = XCConfigurationList;
			buildConfigurations = (
				2CEBA1561C80394F00BEA0D5 /* Debug */,
				2CEBA1571C80394F00BEA0D5 /* Release */,
			);
			defaultConfigurationIsVisible = 0;
		};
/* End XCConfigurationList section */

/* Begin XCVersionGroup section */
		2CEBA1591C8039B000BEA0D5 /* FMNDataModel.xcdatamodeld */ = {
			isa = XCVersionGroup;
			children = (
				2CEBA15A1C8039B000BEA0D5 /* FMNDataModel.xcdatamodel */,
			);
			currentVersion = 2CEBA15A1C8039B000BEA0D5 /* FMNDataModel.xcdatamodel */;
			path = FMNDataModel.xcdatamodeld;
			sourceTree = "<group>";
			versionGroupType = wrapper.xcdatamodel;
		};
/* End XCVersionGroup section */
	};
	rootObject = 2CEBA11A1C80394F00BEA0D5 /* Project object */;
}
